
Microsoft Visual Studio Solution File, Format Version 12.00
# Visual Studio Version 16
VisualStudioVersion = 16.0.30907.101
MinimumVisualStudioVersion = 10.0.40219.1
Project("{FAE04EC0-301F-11D3-BF4B-00C04F79EFBC}") = "Practice ToDo", "Practice ToDo\Practice ToDo.csproj", "{CF5106B0-3A67-4DF3-817F-5B8B23B63624}"
EndProject
Global
	GlobalSection(SolutionConfigurationPlatforms) = preSolution
		Debug|Any CPU = Debug|Any CPU
		Release|Any CPU = Release|Any CPU
	EndGlobalSection
	GlobalSection(ProjectConfigurationPlatforms) = postSolution
		{CF5106B0-3A67-4DF3-817F-5B8B23B63624}.Debug|Any CPU.ActiveCfg = Debug|Any CPU
		{CF5106B0-3A67-4DF3-817F-5B8B23B63624}.Debug|Any CPU.Build.0 = Debug|Any CPU
		{CF5106B0-3A67-4DF3-817F-5B8B23B63624}.Release|Any CPU.ActiveCfg = Release|Any CPU
		{CF5106B0-3A67-4DF3-817F-5B8B23B63624}.Release|Any CPU.Build.0 = Release|Any CPU
	EndGlobalSection
	GlobalSection(SolutionProperties) = preSolution
		HideSolutionNode = FALSE
	EndGlobalSection
	GlobalSection(ExtensibilityGlobals) = postSolution
		SolutionGuid = {1E02E565-A647-415C-8110-8A57A78ECDC6}
	EndGlobalSection
EndGlobal
